Microsoft Visual Studio Solution File, Format Version 12.00
# Visual Studio 2012
Project("{FAE04EC0-301F-11D3-BF4B-00C04F79EFBC}") = "2DPlat", "2DPlat.csproj", "{4DC90373-EBFD-4D5E-8B5C-6FDB69F3A52D}"
EndProject
Global
	GlobalSection(SolutionConfigurationPlatforms) = preSolution
	Debug|Any CPU = Debug|Any CPU
	ExportDebug|Any CPU = ExportDebug|Any CPU
	ExportRelease|Any CPU = ExportRelease|Any CPU
	EndGlobalSection
	GlobalSection(ProjectConfigurationPlatforms) = postSolution
		{4DC90373-EBFD-4D5E-8B5C-6FDB69F3A52D}.Debug|Any CPU.ActiveCfg = Debug|Any CPU
		{4DC90373-EBFD-4D5E-8B5C-6FDB69F3A52D}.Debug|Any CPU.Build.0 = Debug|Any CPU
		{4DC90373-EBFD-4D5E-8B5C-6FDB69F3A52D}.ExportDebug|Any CPU.ActiveCfg = ExportDebug|Any CPU
		{4DC90373-EBFD-4D5E-8B5C-6FDB69F3A52D}.ExportDebug|Any CPU.Build.0 = ExportDebug|Any CPU
		{4DC90373-EBFD-4D5E-8B5C-6FDB69F3A52D}.ExportRelease|Any CPU.ActiveCfg = ExportRelease|Any CPU
		{4DC90373-EBFD-4D5E-8B5C-6FDB69F3A52D}.ExportRelease|Any CPU.Build.0 = ExportRelease|Any CPU
	EndGlobalSection
EndGlobal
